{
    "_readme": [
        "This file locks the dependencies of your project to a known state",
        "Read more about it at https://getcomposer.org/doc/01-basic-usage.md#installing-dependencies",
        "This file is @generated automatically"
    ],
    "content-hash": "0c7fa0c75dde20e520dcb8da6b4afb35",
    "packages": [
        {
            "name": "psr/http-message",
            "version": "dev-master",
            "source": {
                "type": "git",
                "url": "https://github.com/php-fig/http-message.git",
                "reference": "efd67d1dc14a7ef4fc4e518e7dee91c271d524e4"
            },
            "dist": {
                "type": "zip",
                "url": "https://api.github.com/repos/php-fig/http-message/zipball/efd67d1dc14a7ef4fc4e518e7dee91c271d524e4",
                "reference": "efd67d1dc14a7ef4fc4e518e7dee91c271d524e4",
                "shasum": "",
                "mirrors": [
                    {
                        "url": "https://mirrors.aliyun.com/composer/dists/%package%/%reference%.%type%",
                        "preferred": true
                    }
                ]
            },
            "require": {
                "php": ">=5.3.0"
            },
            "type": "library",
            "extra": {
                "branch-alias": {
                    "dev-master": "1.0.x-dev"
                }
            },
            "autoload": {
                "psr-4": {
                    "Psr\\Http\\Message\\": "src/"
                }
            },
            "notification-url": "https://packagist.org/downloads/",
            "license": [
                "MIT"
            ],
            "authors": [
                {
                    "name": "PHP-FIG",
                    "homepage": "http://www.php-fig.org/"
                }
            ],
            "description": "Common interface for HTTP messages",
            "homepage": "https://github.com/php-fig/http-message",
            "keywords": [
                "http",
                "http-message",
                "psr",
                "psr-7",
                "request",
                "response"
            ],
            "time": "2019-08-29T13:16:46+00:00"
        },
        {
            "name": "psr/http-server-handler",
            "version": "dev-master",
            "source": {
                "type": "git",
                "url": "https://github.com/php-fig/http-server-handler.git",
                "reference": "f981eec4f9870ace3ee8ada18c88a59461080cba"
            },
            "dist": {
                "type": "zip",
                "url": "https://api.github.com/repos/php-fig/http-server-handler/zipball/f981eec4f9870ace3ee8ada18c88a59461080cba",
                "reference": "f981eec4f9870ace3ee8ada18c88a59461080cba",
                "shasum": "",
                "mirrors": [
                    {
                        "url": "https://mirrors.aliyun.com/composer/dists/%package%/%reference%.%type%",
                        "preferred": true
                    }
                ]
            },
            "require": {
                "php": ">=7.0",
                "psr/http-message": "^1.0"
            },
            "type": "library",
            "extra": {
                "branch-alias": {
                    "dev-master": "1.0.x-dev"
                }
            },
            "autoload": {
                "psr-4": {
                    "Psr\\Http\\Server\\": "src/"
                }
            },
            "notification-url": "https://packagist.org/downloads/",
            "license": [
                "MIT"
            ],
            "authors": [
                {
                    "name": "PHP-FIG",
                    "homepage": "http://www.php-fig.org/"
                }
            ],
            "description": "Common interface for HTTP server-side request handler",
            "keywords": [
                "handler",
                "http",
                "http-interop",
                "psr",
                "psr-15",
                "psr-7",
                "request",
                "response",
                "server"
            ],
            "time": "2019-06-07T16:00:12+00:00"
        },
        {
            "name": "psr/http-server-middleware",
            "version": "dev-master",
            "source": {
                "type": "git",
                "url": "https://github.com/php-fig/http-server-middleware.git",
                "reference": "780c6808074df604f30fc72bb6aaa889f1ff10e9"
            },
            "dist": {
                "type": "zip",
                "url": "https://api.github.com/repos/php-fig/http-server-middleware/zipball/780c6808074df604f30fc72bb6aaa889f1ff10e9",
                "reference": "780c6808074df604f30fc72bb6aaa889f1ff10e9",
                "shasum": "",
                "mirrors": [
                    {
                        "url": "https://mirrors.aliyun.com/composer/dists/%package%/%reference%.%type%",
                        "preferred": true
                    }
                ]
            },
            "require": {
                "php": ">=7.0",
                "psr/http-message": "^1.0",
                "psr/http-server-handler": "^1.0"
            },
            "type": "library",
            "extra": {
                "branch-alias": {
                    "dev-master": "1.0.x-dev"
                }
            },
            "autoload": {
                "psr-4": {
                    "Psr\\Http\\Server\\": "src/"
                }
            },
            "notification-url": "https://packagist.org/downloads/",
            "license": [
                "MIT"
            ],
            "authors": [
                {
                    "name": "PHP-FIG",
                    "homepage": "http://www.php-fig.org/"
                }
            ],
            "description": "Common interface for HTTP server-side middleware",
            "keywords": [
                "http",
                "http-interop",
                "middleware",
                "psr",
                "psr-15",
                "psr-7",
                "request",
                "response"
            ],
            "time": "2019-05-23T18:10:42+00:00"
        },
        {
            "name": "soen/http-message",
            "version": "dev-master",
            "source": {
                "type": "git",
                "url": "https://github.com/yupeng2015/soen-http-message.git",
                "reference": "2e764d4d63c9925f30a0fa8fb236b85744e76180"
            },
            "dist": {
                "type": "zip",
                "url": "https://api.github.com/repos/yupeng2015/soen-http-message/zipball/2e764d4d63c9925f30a0fa8fb236b85744e76180",
                "reference": "2e764d4d63c9925f30a0fa8fb236b85744e76180",
                "shasum": "",
                "mirrors": [
                    {
                        "url": "https://mirrors.aliyun.com/composer/dists/%package%/%reference%.%type%",
                        "preferred": true
                    }
                ]
            },
            "require": {
                "php": ">=7.0",
                "psr/http-message": "^1.0"
            },
            "type": "library",
            "autoload": {
                "psr-4": {
                    "Soen\\Http\\Message\\": "src/"
                }
            },
            "notification-url": "https://packagist.org/downloads/",
            "license": [
                "MIT"
            ],
            "authors": [
                {
                    "name": "soen",
                    "email": "soen66@163.com"
                }
            ],
            "description": "soen/http-message",
            "time": "2020-05-17T09:18:22+00:00"
        },
        {
            "name": "soen/http-server",
            "version": "dev-master",
            "source": {
                "type": "git",
                "url": "https://github.com/yupeng2015/soen-http-server.git",
                "reference": "1ee48fc2109635c9caf7c6d2b69ba68312c67e98"
            },
            "dist": {
                "type": "zip",
                "url": "https://api.github.com/repos/yupeng2015/soen-http-server/zipball/1ee48fc2109635c9caf7c6d2b69ba68312c67e98",
                "reference": "1ee48fc2109635c9caf7c6d2b69ba68312c67e98",
                "shasum": "",
                "mirrors": [
                    {
                        "url": "https://mirrors.aliyun.com/composer/dists/%package%/%reference%.%type%",
                        "preferred": true
                    }
                ]
            },
            "require": {
                "php": ">=7.0",
                "psr/http-server-handler": "^1.0",
                "psr/http-server-middleware": "^1.0",
                "soen/http-message": "dev-master"
            },
            "type": "library",
            "autoload": {
                "psr-4": {
                    "Soen\\Http\\Server\\": "src/"
                }
            },
            "notification-url": "https://packagist.org/downloads/",
            "license": [
                "MIT"
            ],
            "authors": [
                {
                    "name": "soen",
                    "email": "soen66@163.com"
                }
            ],
            "description": "soen/http-server",
            "time": "2020-05-17T15:07:20+00:00"
        },
        {
            "name": "soen/router",
            "version": "dev-master",
            "source": {
                "type": "git",
                "url": "https://github.com/yupeng2015/soen-router.git",
                "reference": "f6f69b7a67c38e10d19fd9e2de1de0cdcc930058"
            },
            "dist": {
                "type": "zip",
                "url": "https://api.github.com/repos/yupeng2015/soen-router/zipball/f6f69b7a67c38e10d19fd9e2de1de0cdcc930058",
                "reference": "f6f69b7a67c38e10d19fd9e2de1de0cdcc930058",
                "shasum": "",
                "mirrors": [
                    {
                        "url": "https://mirrors.aliyun.com/composer/dists/%package%/%reference%.%type%",
                        "preferred": true
                    }
                ]
            },
            "require": {
                "php": ">=7.0",
                "psr/http-message": "^1.0",
                "psr/http-server-handler": "^1.0",
                "psr/http-server-middleware": "^1.0"
            },
            "type": "library",
            "autoload": {
                "psr-4": {
                    "Soen\\Router\\": "src/"
                }
            },
            "notification-url": "https://packagist.org/downloads/",
            "license": [
                "MIT"
            ],
            "authors": [
                {
                    "name": "soen",
                    "email": "soen66@163.com"
                }
            ],
            "time": "2020-05-17T09:16:26+00:00"
        }
    ],
    "packages-dev": [],
    "aliases": [],
    "minimum-stability": "dev",
    "stability-flags": {
        "soen/router": 20,
        "soen/http-message": 20,
        "soen/http-server": 20
    },
    "prefer-stable": false,
    "prefer-lowest": false,
    "platform": {
        "php": ">=7.0"
    },
    "platform-dev": []
}
